// !$*UTF8*$!
{
	archiveVersion = 1;
	classes = {
	};
	objectVersion = 46;
	objects = {

/* Begin PBXBuildFile section */
		086690CE174C19190090828B /* UIKit.framework in Frameworks */ = {isa = PBXBuildFile; fileRef = 086690CD174C19190090828B /* UIKit.framework */; };
		086690D0174C19190090828B /* Foundation.framework in Frameworks */ = {isa = PBXBuildFile; fileRef = 086690CF174C19190090828B /* Foundation.framework */; };
		086690D2174C19190090828B /* CoreGraphics.framework in Frameworks */ = {isa = PBXBuildFile; fileRef = 086690D1174C19190090828B /* CoreGraphics.framework */; };
		086690D8174C191A0090828B /* InfoPlist.strings in Resources */ = {isa = PBXBuildFile; fileRef = 086690D6174C191A0090828B /* InfoPlist.strings */; };
		086690DA174C191A0090828B /* main.m in Sources */ = {isa = PBXBuildFile; fileRef = 086690D9174C191A0090828B /* main.m */; };
		086690DE174C191A0090828B /* AppDelegate.m in Sources */ = {isa = PBXBuildFile; fileRef = 086690DD174C191A0090828B /* AppDelegate.m */; };
		086690E0174C191A0090828B /* Default.png in Resources */ = {isa = PBXBuildFile; fileRef = 086690DF174C191A0090828B /* Default.png */; };
		086690E2174C191A0090828B /* Default@2x.png in Resources */ = {isa = PBXBuildFile; fileRef = 086690E1174C191A0090828B /* Default@2x.png */; };
		086690E4174C191A0090828B /* Default-568h@2x.png in Resources */ = {isa = PBXBuildFile; fileRef = 086690E3174C191A0090828B /* Default-568h@2x.png */; };
		086690EB174C19D80090828B /* Application.xib in Resources */ = {isa = PBXBuildFile; fileRef = 086690EA174C19D80090828B /* Application.xib */; };
		086690F7174C20690090828B /* NasokiNavController.m in Sources */ = {isa = PBXBuildFile; fileRef = 086690F5174C20690090828B /* NasokiNavController.m */; };
		086690F8174C20690090828B /* NasokiNavController.xib in Resources */ = {isa = PBXBuildFile; fileRef = 086690F6174C20690090828B /* NasokiNavController.xib */; };
		086690FC174C24E40090828B /* NasokiController.m in Sources */ = {isa = PBXBuildFile; fileRef = 086690FA174C24E40090828B /* NasokiController.m */; };
		086690FD174C24E40090828B /* NasokiController.xib in Resources */ = {isa = PBXBuildFile; fileRef = 086690FB174C24E40090828B /* NasokiController.xib */; };
		089EC9E71768B08200466602 /* PredmetiController.m in Sources */ = {isa = PBXBuildFile; fileRef = 089EC9E61768B08200466602 /* PredmetiController.m */; };
		08A68EB2174CDC3500021DB9 /* NasokaDetailController.m in Sources */ = {isa = PBXBuildFile; fileRef = 08A68EB1174CDC3500021DB9 /* NasokaDetailController.m */; };
		08A68EB5174CEC5800021DB9 /* NasokaCell.m in Sources */ = {isa = PBXBuildFile; fileRef = 08A68EB4174CEC5700021DB9 /* NasokaCell.m */; };
		08A68EB7174CEC8800021DB9 /* NasokaCell.xib in Resources */ = {isa = PBXBuildFile; fileRef = 08A68EB6174CEC8800021DB9 /* NasokaCell.xib */; };
		08AF4783174D162B00B18684 /* info.png in Resources */ = {isa = PBXBuildFile; fileRef = 08AF4780174D162B00B18684 /* info.png */; };
		08AF4784174D162B00B18684 /* predmeti.png in Resources */ = {isa = PBXBuildFile; fileRef = 08AF4781174D162B00B18684 /* predmeti.png */; };
		08AF4785174D162B00B18684 /* titula.png in Resources */ = {isa = PBXBuildFile; fileRef = 08AF4782174D162B00B18684 /* titula.png */; };
		08AF4787174D178100B18684 /* white_bg.png in Resources */ = {isa = PBXBuildFile; fileRef = 08AF4786174D178100B18684 /* white_bg.png */; };
		08AF478A174D18E000B18684 /* SemestriController.m in Sources */ = {isa = PBXBuildFile; fileRef = 08AF4789174D18E000B18684 /* SemestriController.m */; };
		08AF478D174D25A600B18684 /* NasokaCellButton.xib in Resources */ = {isa = PBXBuildFile; fileRef = 08AF478C174D25A600B18684 /* NasokaCellButton.xib */; };
		08AF4791174D2D3A00B18684 /* InfoController.m in Sources */ = {isa = PBXBuildFile; fileRef = 08AF478F174D2D3900B18684 /* InfoController.m */; };
		08AF4792174D2D3A00B18684 /* InfoController.xib in Resources */ = {isa = PBXBuildFile; fileRef = 08AF4790174D2D3A00B18684 /* InfoController.xib */; };
		08AF4796174D2D9E00B18684 /* TitulaController.m in Sources */ = {isa = PBXBuildFile; fileRef = 08AF4794174D2D9D00B18684 /* TitulaController.m */; };
		08AF4797174D2D9E00B18684 /* TitulaController.xib in Resources */ = {isa = PBXBuildFile; fileRef = 08AF4795174D2D9D00B18684 /* TitulaController.xib */; };
		08B687EA174C411E00577687 /* InfoUpisViewController.m in Sources */ = {isa = PBXBuildFile; fileRef = 08B687E8174C411E00577687 /* InfoUpisViewController.m */; };
		08B687EB174C411E00577687 /* InfoUpisViewController.xib in Resources */ = {isa = PBXBuildFile; fileRef = 08B687E9174C411E00577687 /* InfoUpisViewController.xib */; };
/* End PBXBuildFile section */

/* Begin PBXFileReference section */
		086690CA174C19190090828B /* Finki-Informator.app */ = {isa = PBXFileReference; explicitFileType = wrapper.application; includeInIndex = 0; path = "Finki-Informator.app"; sourceTree = BUILT_PRODUCTS_DIR; };
		086690CD174C19190090828B /* UIKit.framework */ = {isa = PBXFileReference; lastKnownFileType = wrapper.framework; name = UIKit.framework; path = System/Library/Frameworks/UIKit.framework; sourceTree = SDKROOT; };
		086690CF174C19190090828B /* Foundation.framework */ = {isa = PBXFileReference; lastKnownFileType = wrapper.framework; name = Foundation.framework; path = System/Library/Frameworks/Foundation.framework; sourceTree = SDKROOT; };
		086690D1174C19190090828B /* CoreGraphics.framework */ = {isa = PBXFileReference; lastKnownFileType = wrapper.framework; name = CoreGraphics.framework; path = System/Library/Frameworks/CoreGraphics.framework; sourceTree = SDKROOT; };
		086690D5174C191A0090828B /* Finki-Informator-Info.plist */ = {isa = PBXFileReference; lastKnownFileType = text.plist.xml; path = "Finki-Informator-Info.plist"; sourceTree = "<group>"; };
		086690D7174C191A0090828B /* en */ = {isa = PBXFileReference; lastKnownFileType = text.plist.strings; name = en; path = en.lproj/InfoPlist.strings; sourceTree = "<group>"; };
		086690D9174C191A0090828B /* main.m */ = {isa = PBXFileReference; lastKnownFileType = sourcecode.c.objc; path = main.m; sourceTree = "<group>"; };
		086690DB174C191A0090828B /* Finki-Informator-Prefix.pch */ = {isa = PBXFileReference; lastKnownFileType = sourcecode.c.h; path = "Finki-Informator-Prefix.pch"; sourceTree = "<group>"; };
		086690DC174C191A0090828B /* AppDelegate.h */ = {isa = PBXFileReference; lastKnownFileType = sourcecode.c.h; path = AppDelegate.h; sourceTree = "<group>"; };
		086690DD174C191A0090828B /* AppDelegate.m */ = {isa = PBXFileReference; lastKnownFileType = sourcecode.c.objc; path = AppDelegate.m; sourceTree = "<group>"; };
		086690DF174C191A0090828B /* Default.png */ = {isa = PBXFileReference; lastKnownFileType = image.png; path = Default.png; sourceTree = "<group>"; };
		086690E1174C191A0090828B /* Default@2x.png */ = {isa = PBXFileReference; lastKnownFileType = image.png; path = "Default@2x.png"; sourceTree = "<group>"; };
		086690E3174C191A0090828B /* Default-568h@2x.png */ = {isa = PBXFileReference; lastKnownFileType = image.png; path = "Default-568h@2x.png"; sourceTree = "<group>"; };
		086690EA174C19D80090828B /* Application.xib */ = {isa = PBXFileReference; fileEncoding = 4; lastKnownFileType = file.xib; path = Application.xib; sourceTree = "<group>"; };
		086690F4174C20690090828B /* NasokiNavController.h */ = {isa = PBXFileReference; fileEncoding = 4; lastKnownFileType = sourcecode.c.h; path = NasokiNavController.h; sourceTree = "<group>"; };
		086690F5174C20690090828B /* NasokiNavController.m */ = {isa = PBXFileReference; fileEncoding = 4; lastKnownFileType = sourcecode.c.objc; path = NasokiNavController.m; sourceTree = "<group>"; };
		086690F6174C20690090828B /* NasokiNavController.xib */ = {isa = PBXFileReference; fileEncoding = 4; lastKnownFileType = file.xib; path = NasokiNavController.xib; sourceTree = "<group>"; };
		086690F9174C24E40090828B /* NasokiController.h */ = {isa = PBXFileReference; fileEncoding = 4; lastKnownFileType = sourcecode.c.h; path = NasokiController.h; sourceTree = "<group>"; };
		086690FA174C24E40090828B /* NasokiController.m */ = {isa = PBXFileReference; fileEncoding = 4; lastKnownFileType = sourcecode.c.objc; path = NasokiController.m; sourceTree = "<group>"; };
		086690FB174C24E40090828B /* NasokiController.xib */ = {isa = PBXFileReference; fileEncoding = 4; lastKnownFileType = file.xib; path = NasokiController.xib; sourceTree = "<group>"; };
		089EC9E51768B08200466602 /* PredmetiController.h */ = {isa = PBXFileReference; fileEncoding = 4; lastKnownFileType = sourcecode.c.h; path = PredmetiController.h; sourceTree = "<group>"; };
		089EC9E61768B08200466602 /* PredmetiController.m */ = {isa = PBXFileReference; fileEncoding = 4; lastKnownFileType = sourcecode.c.objc; path = PredmetiController.m; sourceTree = "<group>"; };
		08A68EB0174CDC3500021DB9 /* NasokaDetailController.h */ = {isa = PBXFileReference; fileEncoding = 4; lastKnownFileType = sourcecode.c.h; path = NasokaDetailController.h; sourceTree = "<group>"; };
		08A68EB1174CDC3500021DB9 /* NasokaDetailController.m */ = {isa = PBXFileReference; fileEncoding = 4; lastKnownFileType = sourcecode.c.objc; path = NasokaDetailController.m; sourceTree = "<group>"; };
		08A68EB3174CEC5700021DB9 /* NasokaCell.h */ = {isa = PBXFileReference; fileEncoding = 4; lastKnownFileType = sourcecode.c.h; path = NasokaCell.h; sourceTree = "<group>"; };
		08A68EB4174CEC5700021DB9 /* NasokaCell.m */ = {isa = PBXFileReference; fileEncoding = 4; lastKnownFileType = sourcecode.c.objc; path = NasokaCell.m; sourceTree = "<group>"; };
		08A68EB6174CEC8800021DB9 /* NasokaCell.xib */ = {isa = PBXFileReference; fileEncoding = 4; lastKnownFileType = file.xib; path = NasokaCell.xib; sourceTree = "<group>"; };
		08AC52181768A51E000604C6 /* Tweet.h */ = {isa = PBXFileReference; lastKnownFileType = sourcecode.c.h; path = Tweet.h; sourceTree = "<group>"; };
		08AC52191768A51E000604C6 /* Tweet.m */ = {isa = PBXFileReference; lastKnownFileType = sourcecode.c.objc; path = Tweet.m; sourceTree = "<group>"; };
		08AF4780174D162B00B18684 /* info.png */ = {isa = PBXFileReference; lastKnownFileType = image.png; path = info.png; sourceTree = "<group>"; };
		08AF4781174D162B00B18684 /* predmeti.png */ = {isa = PBXFileReference; lastKnownFileType = image.png; path = predmeti.png; sourceTree = "<group>"; };
		08AF4782174D162B00B18684 /* titula.png */ = {isa = PBXFileReference; lastKnownFileType = image.png; path = titula.png; sourceTree = "<group>"; };
		08AF4786174D178100B18684 /* white_bg.png */ = {isa = PBXFileReference; lastKnownFileType = image.png; path = white_bg.png; sourceTree = "<group>"; };
		08AF4788174D18E000B18684 /* SemestriController.h */ = {isa = PBXFileReference; fileEncoding = 4; lastKnownFileType = sourcecode.c.h; path = SemestriController.h; sourceTree = "<group>"; };
		08AF4789174D18E000B18684 /* SemestriController.m */ = {isa = PBXFileReference; fileEncoding = 4; lastKnownFileType = sourcecode.c.objc; path = SemestriController.m; sourceTree = "<group>"; };
		08AF478C174D25A600B18684 /* NasokaCellButton.xib */ = {isa = PBXFileReference; fileEncoding = 4; lastKnownFileType = file.xib; path = NasokaCellButton.xib; sourceTree = "<group>"; };
		08AF478E174D2D3900B18684 /* InfoController.h */ = {isa = PBXFileReference; fileEncoding = 4; lastKnownFileType = sourcecode.c.h; path = InfoController.h; sourceTree = "<group>"; };
		08AF478F174D2D3900B18684 /* InfoController.m */ = {isa = PBXFileReference; fileEncoding = 4; lastKnownFileType = sourcecode.c.objc; path = InfoController.m; sourceTree = "<group>"; };
		08AF4790174D2D3A00B18684 /* InfoController.xib */ = {isa = PBXFileReference; fileEncoding = 4; lastKnownFileType = file.xib; path = InfoController.xib; sourceTree = "<group>"; };
		08AF4793174D2D9C00B18684 /* TitulaController.h */ = {isa = PBXFileReference; fileEncoding = 4; lastKnownFileType = sourcecode.c.h; path = TitulaController.h; sourceTree = "<group>"; };
		08AF4794174D2D9D00B18684 /* TitulaController.m */ = {isa = PBXFileReference; fileEncoding = 4; lastKnownFileType = sourcecode.c.objc; path = TitulaController.m; sourceTree = "<group>"; };
		08AF4795174D2D9D00B18684 /* TitulaController.xib */ = {isa = PBXFileReference; fileEncoding = 4; lastKnownFileType = file.xib; path = TitulaController.xib; sourceTree = "<group>"; };
		08B687E7174C411D00577687 /* InfoUpisViewController.h */ = {isa = PBXFileReference; fileEncoding = 4; lastKnownFileType = sourcecode.c.h; path = InfoUpisViewController.h; sourceTree = "<group>"; };
		08B687E8174C411E00577687 /* InfoUpisViewController.m */ = {isa = PBXFileReference; fileEncoding = 4; lastKnownFileType = sourcecode.c.objc; path = InfoUpisViewController.m; sourceTree = "<group>"; };
		08B687E9174C411E00577687 /* InfoUpisViewController.xib */ = {isa = PBXFileReference; fileEncoding = 4; lastKnownFileType = file.xib; path = InfoUpisViewController.xib; sourceTree = "<group>"; };
/* End PBXFileReference section */

/* Begin PBXFrameworksBuildPhase section */
		086690C7174C19190090828B /* Frameworks */ = {
			isa = PBXFrameworksBuildPhase;
			buildActionMask = 2147483647;
			files = (
				086690CE174C19190090828B /* UIKit.framework in Frameworks */,
				086690D0174C19190090828B /* Foundation.framework in Frameworks */,
				086690D2174C19190090828B /* CoreGraphics.framework in Frameworks */,
			);
			runOnlyForDeploymentPostprocessing = 0;
		};
/* End PBXFrameworksBuildPhase section */

/* Begin PBXGroup section */
		086690C1174C19190090828B = {
			isa = PBXGroup;
			children = (
				086690D3174C19190090828B /* Finki-Informator */,
				086690CC174C19190090828B /* Frameworks */,
				086690CB174C19190090828B /* Products */,
			);
			sourceTree = "<group>";
		};
		086690CB174C19190090828B /* Products */ = {
			isa = PBXGroup;
			children = (
				086690CA174C19190090828B /* Finki-Informator.app */,
			);
			name = Products;
			sourceTree = "<group>";
		};
		086690CC174C19190090828B /* Frameworks */ = {
			isa = PBXGroup;
			children = (
				086690CD174C19190090828B /* UIKit.framework */,
				086690CF174C19190090828B /* Foundation.framework */,
				086690D1174C19190090828B /* CoreGraphics.framework */,
			);
			name = Frameworks;
			sourceTree = "<group>";
		};
		086690D3174C19190090828B /* Finki-Informator */ = {
			isa = PBXGroup;
			children = (
				086690D4174C19190090828B /* Supporting Files */,
				08AF478B174D1A3100B18684 /* Sliki */,
				086690DC174C191A0090828B /* AppDelegate.h */,
				086690DD174C191A0090828B /* AppDelegate.m */,
				086690EA174C19D80090828B /* Application.xib */,
				086690F4174C20690090828B /* NasokiNavController.h */,
				086690F5174C20690090828B /* NasokiNavController.m */,
				086690F6174C20690090828B /* NasokiNavController.xib */,
				086690F9174C24E40090828B /* NasokiController.h */,
				086690FA174C24E40090828B /* NasokiController.m */,
				086690FB174C24E40090828B /* NasokiController.xib */,
				08B687E7174C411D00577687 /* InfoUpisViewController.h */,
				08B687E8174C411E00577687 /* InfoUpisViewController.m */,
				08B687E9174C411E00577687 /* InfoUpisViewController.xib */,
				08A68EB0174CDC3500021DB9 /* NasokaDetailController.h */,
				08A68EB1174CDC3500021DB9 /* NasokaDetailController.m */,
				08A68EB3174CEC5700021DB9 /* NasokaCell.h */,
				08A68EB4174CEC5700021DB9 /* NasokaCell.m */,
				08A68EB6174CEC8800021DB9 /* NasokaCell.xib */,
				08AF4788174D18E000B18684 /* SemestriController.h */,
				08AF4789174D18E000B18684 /* SemestriController.m */,
				08AF478C174D25A600B18684 /* NasokaCellButton.xib */,
				08AF478E174D2D3900B18684 /* InfoController.h */,
				08AF478F174D2D3900B18684 /* InfoController.m */,
				08AF4790174D2D3A00B18684 /* InfoController.xib */,
				08AF4793174D2D9C00B18684 /* TitulaController.h */,
				08AF4794174D2D9D00B18684 /* TitulaController.m */,
				08AF4795174D2D9D00B18684 /* TitulaController.xib */,
				089EC9E51768B08200466602 /* PredmetiController.h */,
				089EC9E61768B08200466602 /* PredmetiController.m */,
				08AC52181768A51E000604C6 /* Tweet.h */,
				08AC52191768A51E000604C6 /* Tweet.m */,
			);
			path = "Finki-Informator";
			sourceTree = "<group>";
		};
		086690D4174C19190090828B /* Supporting Files */ = {
			isa = PBXGroup;
			children = (
				086690D5174C191A0090828B /* Finki-Informator-Info.plist */,
				086690D6174C191A0090828B /* InfoPlist.strings */,
				086690D9174C191A0090828B /* main.m */,
				086690DB174C191A0090828B /* Finki-Informator-Prefix.pch */,
				086690DF174C191A0090828B /* Default.png */,
				086690E1174C191A0090828B /* Default@2x.png */,
				086690E3174C191A0090828B /* Default-568h@2x.png */,
			);
			name = "Supporting Files";
			sourceTree = "<group>";
		};
		08AF478B174D1A3100B18684 /* Sliki */ = {
			isa = PBXGroup;
			children = (
				08AF4780174D162B00B18684 /* info.png */,
				08AF4781174D162B00B18684 /* predmeti.png */,
				08AF4782174D162B00B18684 /* titula.png */,
				08AF4786174D178100B18684 /* white_bg.png */,
			);
			name = Sliki;
			sourceTree = "<group>";
		};
/* End PBXGroup section */

/* Begin PBXNativeTarget section */
		086690C9174C19190090828B /* Finki-Informator */ = {
			isa = PBXNativeTarget;
			buildConfigurationList = 086690E7174C191A0090828B /* Build configuration list for PBXNativeTarget "Finki-Informator" */;
			buildPhases = (
				086690C6174C19190090828B /* Sources */,
				086690C7174C19190090828B /* Frameworks */,
				086690C8174C19190090828B /* Resources */,
			);
			buildRules = (
			);
			dependencies = (
			);
			name = "Finki-Informator";
			productName = "Finki-Informator";
			productReference = 086690CA174C19190090828B /* Finki-Informator.app */;
			productType = "com.apple.product-type.application";
		};
/* End PBXNativeTarget section */

/* Begin PBXProject section */
		086690C2174C19190090828B /* Project object */ = {
			isa = PBXProject;
			attributes = {
				LastUpgradeCheck = 0460;
				ORGANIZATIONNAME = Finki;
			};
			buildConfigurationList = 086690C5174C19190090828B /* Build configuration list for PBXProject "Finki-Informator" */;
			compatibilityVersion = "Xcode 3.2";
			developmentRegion = English;
			hasScannedForEncodings = 0;
			knownRegions = (
				en,
			);
			mainGroup = 086690C1174C19190090828B;
			productRefGroup = 086690CB174C19190090828B /* Products */;
			projectDirPath = "";
			projectRoot = "";
			targets = (
				086690C9174C19190090828B /* Finki-Informator */,
			);
		};
/* End PBXProject section */

/* Begin PBXResourcesBuildPhase section */
		086690C8174C19190090828B /* Resources */ = {
			isa = PBXResourcesBuildPhase;
			buildActionMask = 2147483647;
			files = (
				086690D8174C191A0090828B /* InfoPlist.strings in Resources */,
				086690E0174C191A0090828B /* Default.png in Resources */,
				086690E2174C191A0090828B /* Default@2x.png in Resources */,
				086690E4174C191A0090828B /* Default-568h@2x.png in Resources */,
				086690EB174C19D80090828B /* Application.xib in Resources */,
				086690F8174C20690090828B /* NasokiNavController.xib in Resources */,
				086690FD174C24E40090828B /* NasokiController.xib in Resources */,
				08B687EB174C411E00577687 /* InfoUpisViewController.xib in Resources */,
				08A68EB7174CEC8800021DB9 /* NasokaCell.xib in Resources */,
				08AF4783174D162B00B18684 /* info.png in Resources */,
				08AF4784174D162B00B18684 /* predmeti.png in Resources */,
				08AF4785174D162B00B18684 /* titula.png in Resources */,
				08AF4787174D178100B18684 /* white_bg.png in Resources */,
				08AF478D174D25A600B18684 /* NasokaCellButton.xib in Resources */,
				08AF4792174D2D3A00B18684 /* InfoController.xib in Resources */,
				08AF4797174D2D9E00B18684 /* TitulaController.xib in Resources */,
			);
			runOnlyForDeploymentPostprocessing = 0;
		};
/* End PBXResourcesBuildPhase section */

/* Begin PBXSourcesBuildPhase section */
		086690C6174C19190090828B /* Sources */ = {
			isa = PBXSourcesBuildPhase;
			buildActionMask = 2147483647;
			files = (
				086690DA174C191A0090828B /* main.m in Sources */,
				086690DE174C191A0090828B /* AppDelegate.m in Sources */,
				086690F7174C20690090828B /* NasokiNavController.m in Sources */,
				086690FC174C24E40090828B /* NasokiController.m in Sources */,
				08B687EA174C411E00577687 /* InfoUpisViewController.m in Sources */,
				08A68EB2174CDC3500021DB9 /* NasokaDetailController.m in Sources */,
				08A68EB5174CEC5800021DB9 /* NasokaCell.m in Sources */,
				08AF478A174D18E000B18684 /* SemestriController.m in Sources */,
				08AF4791174D2D3A00B18684 /* InfoController.m in Sources */,
				08AF4796174D2D9E00B18684 /* TitulaController.m in Sources */,
				089EC9E71768B08200466602 /* PredmetiController.m in Sources */,
			);
			runOnlyForDeploymentPostprocessing = 0;
		};
/* End PBXSourcesBuildPhase section */

/* Begin PBXVariantGroup section */
		086690D6174C191A0090828B /* InfoPlist.strings */ = {
			isa = PBXVariantGroup;
			children = (
				086690D7174C191A0090828B /* en */,
			);
			name = InfoPlist.strings;
			sourceTree = "<group>";
		};
/* End PBXVariantGroup section */

/* Begin XCBuildConfiguration section */
		086690E5174C191A0090828B /* Debug */ = {
			isa = XCBuildConfiguration;
			buildSettings = {
				ALWAYS_SEARCH_USER_PATHS = NO;
				CLANG_CXX_LANGUAGE_STANDARD = "gnu++0x";
				CLANG_CXX_LIBRARY = "libc++";
				CLANG_ENABLE_OBJC_ARC = YES;
				CLANG_WARN_CONSTANT_CONVERSION = YES;
				CLANG_WARN_EMPTY_BODY = YES;
				CLANG_WARN_ENUM_CONVERSION = YES;
				CLANG_WARN_INT_CONVERSION = YES;
				CLANG_WARN__DUPLICATE_METHOD_MATCH = YES;
				"CODE_SIGN_IDENTITY[sdk=iphoneos*]" = "iPhone Developer";
				COPY_PHASE_STRIP = NO;
				GCC_C_LANGUAGE_STANDARD = gnu99;
				GCC_DYNAMIC_NO_PIC = NO;
				GCC_OPTIMIZATION_LEVEL = 0;
				GCC_PREPROCESSOR_DEFINITIONS = (
					"DEBUG=1",
					"$(inherited)",
				);
				GCC_SYMBOLS_PRIVATE_EXTERN = NO;
				GCC_WARN_ABOUT_RETURN_TYPE = YES;
				GCC_WARN_UNINITIALIZED_AUTOS = YES;
				GCC_WARN_UNUSED_VARIABLE = YES;
				IPHONEOS_DEPLOYMENT_TARGET = 6.1;
				ONLY_ACTIVE_ARCH = YES;
				SDKROOT = iphoneos;
			};
			name = Debug;
		};
		086690E6174C191A0090828B /* Release */ = {
			isa = XCBuildConfiguration;
			buildSettings = {
				ALWAYS_SEARCH_USER_PATHS = NO;
				CLANG_CXX_LANGUAGE_STANDARD = "gnu++0x";
				CLANG_CXX_LIBRARY = "libc++";
				CLANG_ENABLE_OBJC_ARC = YES;
				CLANG_WARN_CONSTANT_CONVERSION = YES;
				CLANG_WARN_EMPTY_BODY = YES;
				CLANG_WARN_ENUM_CONVERSION = YES;
				CLANG_WARN_INT_CONVERSION = YES;
				CLANG_WARN__DUPLICATE_METHOD_MATCH = YES;
				"CODE_SIGN_IDENTITY[sdk=iphoneos*]" = "iPhone Developer";
				COPY_PHASE_STRIP = YES;
				GCC_C_LANGUAGE_STANDARD = gnu99;
				GCC_WARN_ABOUT_RETURN_TYPE = YES;
				GCC_WARN_UNINITIALIZED_AUTOS = YES;
				GCC_WARN_UNUSED_VARIABLE = YES;
				IPHONEOS_DEPLOYMENT_TARGET = 6.1;
				OTHER_CFLAGS = "-DNS_BLOCK_ASSERTIONS=1";
				SDKROOT = iphoneos;
				VALIDATE_PRODUCT = YES;
			};
			name = Release;
		};
		086690E8174C191A0090828B /* Debug */ = {
			isa = XCBuildConfiguration;
			buildSettings = {
				GCC_PRECOMPILE_PREFIX_HEADER = YES;
				GCC_PREFIX_HEADER = "Finki-Informator/Finki-Informator-Prefix.pch";
				INFOPLIST_FILE = "Finki-Informator/Finki-Informator-Info.plist";
				PRODUCT_NAME = "$(TARGET_NAME)";
				WRAPPER_EXTENSION = app;
			};
			name = Debug;
		};
		086690E9174C191A0090828B /* Release */ = {
			isa = XCBuildConfiguration;
			buildSettings = {
				GCC_PRECOMPILE_PREFIX_HEADER = YES;
				GCC_PREFIX_HEADER = "Finki-Informator/Finki-Informator-Prefix.pch";
				INFOPLIST_FILE = "Finki-Informator/Finki-Informator-Info.plist";
				PRODUCT_NAME = "$(TARGET_NAME)";
				WRAPPER_EXTENSION = app;
			};
			name = Release;
		};
/* End XCBuildConfiguration section */

/* Begin XCConfigurationList section */
		086690C5174C19190090828B /* Build configuration list for PBXProject "Finki-Informator" */ = {
			isa = XCConfigurationList;
			buildConfigurations = (
				086690E5174C191A0090828B /* Debug */,
				086690E6174C191A0090828B /* Release */,
			);
			defaultConfigurationIsVisible = 0;
			defaultConfigurationName = Release;
		};
		086690E7174C191A0090828B /* Build configuration list for PBXNativeTarget "Finki-Informator" */ = {
			isa = XCConfigurationList;
			buildConfigurations = (
				086690E8174C191A0090828B /* Debug */,
				086690E9174C191A0090828B /* Release */,
			);
			defaultConfigurationIsVisible = 0;
			defaultConfigurationName = Release;
		};
/* End XCConfigurationList section */
	};
	rootObject = 086690C2174C19190090828B /* Project object */;
}
